# This file is autogenerated, do not edit; changes may be undone by the next 'dep ensure'.


[[projects]]
  branch = "master"
  name = "github.com/Bredgren/geo"
  packages = ["."]
  revision = "9465f8c7efa187a8c1ed7390cadfb59564271860"

[[projects]]
  branch = "master"
  name = "github.com/go-gl/gl"
  packages = ["v2.1/gl"]
  revision = "39ef8e959f4050148ec5a59816a93b9e65b4528f"

[[projects]]
  branch = "master"
  name = "github.com/go-gl/glfw"
  packages = ["v3.2/glfw"]
  revision = "513e4f2bf85c31fba0fc4907abd7895242ccbe50"

[[projects]]
  branch = "master"
  name = "github.com/gopherjs/gopherjs"
  packages = ["js","nosync"]
  revision = "2b1d432c8a82c9bff0b0baffaeb3ec6e92974112"

[[projects]]
  branch = "master"
  name = "github.com/gopherjs/webgl"
  packages = ["."]
  revision = "a2d36020a9b2af0f7aefb23467ab48f3b501beec"

[[projects]]
  branch = "master"
  name = "github.com/hajimehoshi/ebiten"
  packages = [".","ebitenutil","ebitenutil/internal/assets","internal","internal/affine","internal/clock","internal/endian","internal/graphics","internal/jni","internal/math","internal/opengl","internal/restorable","internal/sync","internal/ui","internal/web"]
  revision = "4fc4b74ccabaf95d8562c733fac8ead748c4ade7"

[[projects]]
  branch = "master"
  name = "golang.org/x/image"
  packages = ["font","math/fixed"]
  revision = "426cfd8eeb6e08ab1932954e09e3c2cb2bc6e36d"

[[projects]]
  branch = "master"
  name = "golang.org/x/mobile"
  packages = ["gl"]
  revision = "e66540375e9941f301a0fbd8134a06076bfc873e"

[[projects]]
  branch = "master"
  name = "golang.org/x/sys"
  packages = ["windows"]
  revision = "9f7170bcd8e9f4d3691c06401119c46a769a1e03"

[solve-meta]
  analyzer-name = "dep"
  analyzer-version = 1
  inputs-digest = "faac3fca3b972f3cc7051ea2528dabd0de0b1159a6f3e26f6ef4c9f70c92955c"
  solver-name = "gps-cdcl"
  solver-version = 1
