# This file is autogenerated, do not edit; changes may be undone by the next 'dep ensure'.


[[projects]]
  branch = "master"
  name = "github.com/Bredgren/geo"
  packages = ["."]
  revision = "9465f8c7efa187a8c1ed7390cadfb59564271860"

[[projects]]
  branch = "master"
  name = "github.com/go-gl/gl"
  packages = ["v2.1/gl"]
  revision = "39ef8e959f4050148ec5a59816a93b9e65b4528f"

[[projects]]
  branch = "master"
  name = "github.com/go-gl/glfw"
  packages = ["v3.2/glfw"]
  revision = "222b83c41c19cc975bfbf6f2611f3a97bde91a56"

[[projects]]
  branch = "master"
  name = "github.com/gopherjs/gopherjs"
  packages = ["js","nosync"]
  revision = "2b1d432c8a82c9bff0b0baffaeb3ec6e92974112"

[[projects]]
  branch = "master"
  name = "github.com/gopherjs/webgl"
  packages = ["."]
  revision = "a2d36020a9b2af0f7aefb23467ab48f3b501beec"

[[projects]]
  branch = "master"
  name = "github.com/hajimehoshi/ebiten"
  packages = [".","ebitenutil","ebitenutil/internal/assets","internal","internal/affine","internal/clock","internal/endian","internal/graphics","internal/jni","internal/math","internal/opengl","internal/restorable","internal/sync","internal/ui","internal/web"]
  revision = "6b8ab59d1fa83c97ac1155d5d3d24478838a7234"

[[projects]]
  branch = "master"
  name = "golang.org/x/mobile"
  packages = ["gl"]
  revision = "448c916b90896b38ba453c68282a01caf9203091"

[[projects]]
  branch = "master"
  name = "golang.org/x/sys"
  packages = ["windows"]
  revision = "e42485b6e20ae7d2304ec72e535b103ed350cc02"

[solve-meta]
  analyzer-name = "dep"
  analyzer-version = 1
  inputs-digest = "f95eb02c9ca1c9852761630a13b2aa823d4b6340b41414d15eba35d9f52ed933"
  solver-name = "gps-cdcl"
  solver-version = 1
