# This file is autogenerated, do not edit; changes may be undone by the next 'dep ensure'.


[[projects]]
  name = "github.com/Bredgren/geo"
  packages = ["."]
  revision = "08f84fc5ea20fe1a4e2389ec7005980bf94eed84"
  version = "v1.0.0-beta1"

[[projects]]
  branch = "master"
  name = "github.com/go-gl/gl"
  packages = ["v2.1/gl"]
  revision = "39ef8e959f4050148ec5a59816a93b9e65b4528f"

[[projects]]
  branch = "master"
  name = "github.com/go-gl/glfw"
  packages = ["v3.2/glfw"]
  revision = "222b83c41c19cc975bfbf6f2611f3a97bde91a56"

[[projects]]
  branch = "master"
  name = "github.com/gopherjs/gopherjs"
  packages = ["js","nosync"]
  revision = "2b1d432c8a82c9bff0b0baffaeb3ec6e92974112"

[[projects]]
  branch = "master"
  name = "github.com/gopherjs/webgl"
  packages = ["."]
  revision = "a2d36020a9b2af0f7aefb23467ab48f3b501beec"

[[projects]]
  branch = "master"
  name = "github.com/hajimehoshi/ebiten"
  packages = [".","ebitenutil","ebitenutil/internal/assets","internal","internal/affine","internal/clock","internal/endian","internal/graphics","internal/jni","internal/loop","internal/opengl","internal/restorable","internal/sync","internal/ui","internal/web"]
  revision = "94843fbe73d4cdce46d25769b4c6def9572da8e8"

[[projects]]
  branch = "master"
  name = "golang.org/x/mobile"
  packages = ["gl"]
  revision = "202a52f8eee59fbd0c7471e7a019291bceae2adc"

[[projects]]
  branch = "master"
  name = "golang.org/x/sys"
  packages = ["windows"]
  revision = "d8f5ea21b9295e315e612b4bcf4bedea93454d4d"

[solve-meta]
  analyzer-name = "dep"
  analyzer-version = 1
  inputs-digest = "f95eb02c9ca1c9852761630a13b2aa823d4b6340b41414d15eba35d9f52ed933"
  solver-name = "gps-cdcl"
  solver-version = 1
